{
    "_meta": {
        "hash": {
            "sha256": "cd67c5dd3cad69a3f4ee2d967ad9b72b7bfb40fde8d104f611c8fb8dea901627"
        },
        "pipfile-spec": 6,
        "requires": {
            "python_version": "3.10"
        },
        "sources": [
            {
                "name": "pypi",
                "url": "https://pypi.org/simple",
                "verify_ssl": true
            }
        ]
    },
    "default": {
        "click": {
            "hashes": [
                "sha256:63c132bbbed01578a06712a2d1f497bb62d9c1c0d329b7903a866228027263b2",
                "sha256:ed53c9d8990d83c2a27deae68e4ee337473f6330c040a31d4225c9574d16096a"
            ],
            "index": "pypi",
            "version": "==8.1.8"
        },
        "pytube": {
            "hashes": [
                "sha256:076052efe76f390dfa24b1194ff821d4e86c17d41cb5562f3a276a8bcbfc9d1d",
                "sha256:07b9904749e213485780d7eb606e5e5b8e4341aa4dccf699160876da00e12d78"
            ],
            "index": "pypi",
            "version": "==15.0.0"
        },
        "pytubefix": {
            "hashes": [
                "sha256:b051e4946a1bd1d52957508d55a8b6b19c47396ccf2084c3612eb3353583d99e",
                "sha256:d972188731fb7c3eeec8aa7d80a8ebf09e483350d79f6c96c652bfdc1e9208fe"
            ],
            "index": "pypi",
            "version": "==8.12.3"
        }
    },
    "develop": {}
}
