{
    "_meta": {
        "hash": {
            "sha256": "f0716aa013c7f343c3a414f544fb99a41b517e4cff0e60d93678ce22f84057dc"
        },
        "pipfile-spec": 6,
        "requires": {
            "python_version": "3.10"
        },
        "sources": [
            {
                "name": "pypi",
                "url": "https://pypi.org/simple",
                "verify_ssl": true
            }
        ]
    },
    "default": {
        "click": {
            "hashes": [
                "sha256:63c132bbbed01578a06712a2d1f497bb62d9c1c0d329b7903a866228027263b2",
                "sha256:ed53c9d8990d83c2a27deae68e4ee337473f6330c040a31d4225c9574d16096a"
            ],
            "index": "pypi",
            "version": "==8.1.8"
        },
        "pytubefix": {
            "hashes": [
                "sha256:302eb359d0e2c9fbe25e88439c731d066cc8e5c10dd6a7bac2ce964ff9695255",
                "sha256:c5de0761101a78cb189eec88163368d2300bd86d3c7826ba0e1addb310c58d9c"
            ],
            "index": "pypi",
            "version": "==8.13.1"
        }
    },
    "develop": {}
}
